
Microsoft Visual Studio Solution File, Format Version 12.00
# Visual Studio Version 16
VisualStudioVersion = 16.6.30114.105
MinimumVisualStudioVersion = 10.0.40219.1
Project("{9A19103F-16F7-4668-BE54-9A1E7A4F7556}") = "RestMongo", "RestMongo\RestMongo.csproj", "{BAAC781B-11C0-4522-A051-8E3AA5884D56}"
EndProject
Project("{9A19103F-16F7-4668-BE54-9A1E7A4F7556}") = "RestMongo.Test", "RestMongo.Test\RestMongo.Test.csproj", "{65B73517-D171-4993-8555-0223FA140B06}"
EndProject
Project("{2150E333-8FDC-42A3-9474-1A3956D46DE8}") = "Solution Items", "Solution Items", "{73E9B10C-06B9-427D-BEDD-EDF35ED35B41}"
	ProjectSection(SolutionItems) = preProject
		.github\workflows\dotnet.yml = .github\workflows\dotnet.yml
	EndProjectSection
EndProject
Project("{9A19103F-16F7-4668-BE54-9A1E7A4F7556}") = "RestMongo.Data.Abstractions", "RestMongo.Data.Abstractions\RestMongo.Data.Abstractions.csproj", "{CF5ED9C4-40CF-4518-813D-FCC5FD7B3B72}"
EndProject
Project("{9A19103F-16F7-4668-BE54-9A1E7A4F7556}") = "RestMongo.Web", "RestMongo.Web\RestMongo.Web.csproj", "{7060C665-F4E9-4E13-993A-CD6705DA1C90}"
EndProject
Project("{9A19103F-16F7-4668-BE54-9A1E7A4F7556}") = "RestMongo.Web.Abstractions", "RestMongo.Web.Abstractions\RestMongo.Web.Abstractions.csproj", "{EF3F214D-10B4-4A35-965D-D26A6275DD97}"
EndProject
Project("{9A19103F-16F7-4668-BE54-9A1E7A4F7556}") = "RestMongo.Extensions", "RestMongo.Extensions\RestMongo.Extensions.csproj", "{B8D19FC3-C21E-43DC-8E91-4428F3D7A3CC}"
EndProject
Project("{9A19103F-16F7-4668-BE54-9A1E7A4F7556}") = "RestMongo.Data", "RestMongo.Data\RestMongo.Data.csproj", "{8B3CD7B7-04E2-43A8-B38F-5AE9C9680407}"
EndProject
Project("{2150E333-8FDC-42A3-9474-1A3956D46DE8}") = "samples", "samples", "{42AEBFF9-CD69-4845-8033-FB752E00F6EF}"
EndProject
Project("{9A19103F-16F7-4668-BE54-9A1E7A4F7556}") = "SimpleCartService", "samples\SimpleCartService\SimpleCartService.csproj", "{9FFEA3D0-F725-4C79-B335-59330ABE6D85}"
EndProject
Project("{2150E333-8FDC-42A3-9474-1A3956D46DE8}") = "SimpleCartService", "SimpleCartService", "{0E7910FE-7966-4348-993E-DACDD23D1B06}"
EndProject
Project("{E53339B2-1760-4266-BCC7-CA923CBCF16C}") = "docker-compose", "samples\SimpleCartService\docker-compose.dcproj", "{3E0E9FE5-93A9-49EA-940E-42A72CDF574A}"
EndProject
Global
	GlobalSection(SolutionConfigurationPlatforms) = preSolution
		Debug|Any CPU = Debug|Any CPU
		Debug|x64 = Debug|x64
		Debug|x86 = Debug|x86
		Release|Any CPU = Release|Any CPU
		Release|x64 = Release|x64
		Release|x86 = Release|x86
	EndGlobalSection
	GlobalSection(ProjectConfigurationPlatforms) = postSolution
		{BAAC781B-11C0-4522-A051-8E3AA5884D56}.Debug|Any CPU.ActiveCfg = Debug|Any CPU
		{BAAC781B-11C0-4522-A051-8E3AA5884D56}.Debug|Any CPU.Build.0 = Debug|Any CPU
		{BAAC781B-11C0-4522-A051-8E3AA5884D56}.Debug|x64.ActiveCfg = Debug|Any CPU
		{BAAC781B-11C0-4522-A051-8E3AA5884D56}.Debug|x64.Build.0 = Debug|Any CPU
		{BAAC781B-11C0-4522-A051-8E3AA5884D56}.Debug|x86.ActiveCfg = Debug|Any CPU
		{BAAC781B-11C0-4522-A051-8E3AA5884D56}.Debug|x86.Build.0 = Debug|Any CPU
		{BAAC781B-11C0-4522-A051-8E3AA5884D56}.Release|Any CPU.ActiveCfg = Release|Any CPU
		{BAAC781B-11C0-4522-A051-8E3AA5884D56}.Release|Any CPU.Build.0 = Release|Any CPU
		{BAAC781B-11C0-4522-A051-8E3AA5884D56}.Release|x64.ActiveCfg = Release|Any CPU
		{BAAC781B-11C0-4522-A051-8E3AA5884D56}.Release|x64.Build.0 = Release|Any CPU
		{BAAC781B-11C0-4522-A051-8E3AA5884D56}.Release|x86.ActiveCfg = Release|Any CPU
		{BAAC781B-11C0-4522-A051-8E3AA5884D56}.Release|x86.Build.0 = Release|Any CPU
		{65B73517-D171-4993-8555-0223FA140B06}.Debug|Any CPU.ActiveCfg = Debug|Any CPU
		{65B73517-D171-4993-8555-0223FA140B06}.Debug|Any CPU.Build.0 = Debug|Any CPU
		{65B73517-D171-4993-8555-0223FA140B06}.Debug|x64.ActiveCfg = Debug|Any CPU
		{65B73517-D171-4993-8555-0223FA140B06}.Debug|x64.Build.0 = Debug|Any CPU
		{65B73517-D171-4993-8555-0223FA140B06}.Debug|x86.ActiveCfg = Debug|Any CPU
		{65B73517-D171-4993-8555-0223FA140B06}.Debug|x86.Build.0 = Debug|Any CPU
		{65B73517-D171-4993-8555-0223FA140B06}.Release|Any CPU.ActiveCfg = Release|Any CPU
		{65B73517-D171-4993-8555-0223FA140B06}.Release|Any CPU.Build.0 = Release|Any CPU
		{65B73517-D171-4993-8555-0223FA140B06}.Release|x64.ActiveCfg = Release|Any CPU
		{65B73517-D171-4993-8555-0223FA140B06}.Release|x64.Build.0 = Release|Any CPU
		{65B73517-D171-4993-8555-0223FA140B06}.Release|x86.ActiveCfg = Release|Any CPU
		{65B73517-D171-4993-8555-0223FA140B06}.Release|x86.Build.0 = Release|Any CPU
		{CF5ED9C4-40CF-4518-813D-FCC5FD7B3B72}.Debug|Any CPU.ActiveCfg = Debug|Any CPU
		{CF5ED9C4-40CF-4518-813D-FCC5FD7B3B72}.Debug|Any CPU.Build.0 = Debug|Any CPU
		{CF5ED9C4-40CF-4518-813D-FCC5FD7B3B72}.Debug|x64.ActiveCfg = Debug|Any CPU
		{CF5ED9C4-40CF-4518-813D-FCC5FD7B3B72}.Debug|x64.Build.0 = Debug|Any CPU
		{CF5ED9C4-40CF-4518-813D-FCC5FD7B3B72}.Debug|x86.ActiveCfg = Debug|Any CPU
		{CF5ED9C4-40CF-4518-813D-FCC5FD7B3B72}.Debug|x86.Build.0 = Debug|Any CPU
		{CF5ED9C4-40CF-4518-813D-FCC5FD7B3B72}.Release|Any CPU.ActiveCfg = Release|Any CPU
		{CF5ED9C4-40CF-4518-813D-FCC5FD7B3B72}.Release|Any CPU.Build.0 = Release|Any CPU
		{CF5ED9C4-40CF-4518-813D-FCC5FD7B3B72}.Release|x64.ActiveCfg = Release|Any CPU
		{CF5ED9C4-40CF-4518-813D-FCC5FD7B3B72}.Release|x64.Build.0 = Release|Any CPU
		{CF5ED9C4-40CF-4518-813D-FCC5FD7B3B72}.Release|x86.ActiveCfg = Release|Any CPU
		{CF5ED9C4-40CF-4518-813D-FCC5FD7B3B72}.Release|x86.Build.0 = Release|Any CPU
		{7060C665-F4E9-4E13-993A-CD6705DA1C90}.Debug|Any CPU.ActiveCfg = Debug|Any CPU
		{7060C665-F4E9-4E13-993A-CD6705DA1C90}.Debug|Any CPU.Build.0 = Debug|Any CPU
		{7060C665-F4E9-4E13-993A-CD6705DA1C90}.Debug|x64.ActiveCfg = Debug|Any CPU
		{7060C665-F4E9-4E13-993A-CD6705DA1C90}.Debug|x64.Build.0 = Debug|Any CPU
		{7060C665-F4E9-4E13-993A-CD6705DA1C90}.Debug|x86.ActiveCfg = Debug|Any CPU
		{7060C665-F4E9-4E13-993A-CD6705DA1C90}.Debug|x86.Build.0 = Debug|Any CPU
		{7060C665-F4E9-4E13-993A-CD6705DA1C90}.Release|Any CPU.ActiveCfg = Release|Any CPU
		{7060C665-F4E9-4E13-993A-CD6705DA1C90}.Release|Any CPU.Build.0 = Release|Any CPU
		{7060C665-F4E9-4E13-993A-CD6705DA1C90}.Release|x64.ActiveCfg = Release|Any CPU
		{7060C665-F4E9-4E13-993A-CD6705DA1C90}.Release|x64.Build.0 = Release|Any CPU
		{7060C665-F4E9-4E13-993A-CD6705DA1C90}.Release|x86.ActiveCfg = Release|Any CPU
		{7060C665-F4E9-4E13-993A-CD6705DA1C90}.Release|x86.Build.0 = Release|Any CPU
		{EF3F214D-10B4-4A35-965D-D26A6275DD97}.Debug|Any CPU.ActiveCfg = Debug|Any CPU
		{EF3F214D-10B4-4A35-965D-D26A6275DD97}.Debug|Any CPU.Build.0 = Debug|Any CPU
		{EF3F214D-10B4-4A35-965D-D26A6275DD97}.Debug|x64.ActiveCfg = Debug|Any CPU
		{EF3F214D-10B4-4A35-965D-D26A6275DD97}.Debug|x64.Build.0 = Debug|Any CPU
		{EF3F214D-10B4-4A35-965D-D26A6275DD97}.Debug|x86.ActiveCfg = Debug|Any CPU
		{EF3F214D-10B4-4A35-965D-D26A6275DD97}.Debug|x86.Build.0 = Debug|Any CPU
		{EF3F214D-10B4-4A35-965D-D26A6275DD97}.Release|Any CPU.ActiveCfg = Release|Any CPU
		{EF3F214D-10B4-4A35-965D-D26A6275DD97}.Release|Any CPU.Build.0 = Release|Any CPU
		{EF3F214D-10B4-4A35-965D-D26A6275DD97}.Release|x64.ActiveCfg = Release|Any CPU
		{EF3F214D-10B4-4A35-965D-D26A6275DD97}.Release|x64.Build.0 = Release|Any CPU
		{EF3F214D-10B4-4A35-965D-D26A6275DD97}.Release|x86.ActiveCfg = Release|Any CPU
		{EF3F214D-10B4-4A35-965D-D26A6275DD97}.Release|x86.Build.0 = Release|Any CPU
		{B8D19FC3-C21E-43DC-8E91-4428F3D7A3CC}.Debug|Any CPU.ActiveCfg = Debug|Any CPU
		{B8D19FC3-C21E-43DC-8E91-4428F3D7A3CC}.Debug|Any CPU.Build.0 = Debug|Any CPU
		{B8D19FC3-C21E-43DC-8E91-4428F3D7A3CC}.Debug|x64.ActiveCfg = Debug|Any CPU
		{B8D19FC3-C21E-43DC-8E91-4428F3D7A3CC}.Debug|x64.Build.0 = Debug|Any CPU
		{B8D19FC3-C21E-43DC-8E91-4428F3D7A3CC}.Debug|x86.ActiveCfg = Debug|Any CPU
		{B8D19FC3-C21E-43DC-8E91-4428F3D7A3CC}.Debug|x86.Build.0 = Debug|Any CPU
		{B8D19FC3-C21E-43DC-8E91-4428F3D7A3CC}.Release|Any CPU.ActiveCfg = Release|Any CPU
		{B8D19FC3-C21E-43DC-8E91-4428F3D7A3CC}.Release|Any CPU.Build.0 = Release|Any CPU
		{B8D19FC3-C21E-43DC-8E91-4428F3D7A3CC}.Release|x64.ActiveCfg = Release|Any CPU
		{B8D19FC3-C21E-43DC-8E91-4428F3D7A3CC}.Release|x64.Build.0 = Release|Any CPU
		{B8D19FC3-C21E-43DC-8E91-4428F3D7A3CC}.Release|x86.ActiveCfg = Release|Any CPU
		{B8D19FC3-C21E-43DC-8E91-4428F3D7A3CC}.Release|x86.Build.0 = Release|Any CPU
		{8B3CD7B7-04E2-43A8-B38F-5AE9C9680407}.Debug|Any CPU.ActiveCfg = Debug|Any CPU
		{8B3CD7B7-04E2-43A8-B38F-5AE9C9680407}.Debug|Any CPU.Build.0 = Debug|Any CPU
		{8B3CD7B7-04E2-43A8-B38F-5AE9C9680407}.Debug|x64.ActiveCfg = Debug|Any CPU
		{8B3CD7B7-04E2-43A8-B38F-5AE9C9680407}.Debug|x64.Build.0 = Debug|Any CPU
		{8B3CD7B7-04E2-43A8-B38F-5AE9C9680407}.Debug|x86.ActiveCfg = Debug|Any CPU
		{8B3CD7B7-04E2-43A8-B38F-5AE9C9680407}.Debug|x86.Build.0 = Debug|Any CPU
		{8B3CD7B7-04E2-43A8-B38F-5AE9C9680407}.Release|Any CPU.ActiveCfg = Release|Any CPU
		{8B3CD7B7-04E2-43A8-B38F-5AE9C9680407}.Release|Any CPU.Build.0 = Release|Any CPU
		{8B3CD7B7-04E2-43A8-B38F-5AE9C9680407}.Release|x64.ActiveCfg = Release|Any CPU
		{8B3CD7B7-04E2-43A8-B38F-5AE9C9680407}.Release|x64.Build.0 = Release|Any CPU
		{8B3CD7B7-04E2-43A8-B38F-5AE9C9680407}.Release|x86.ActiveCfg = Release|Any CPU
		{8B3CD7B7-04E2-43A8-B38F-5AE9C9680407}.Release|x86.Build.0 = Release|Any CPU
		{9FFEA3D0-F725-4C79-B335-59330ABE6D85}.Debug|Any CPU.ActiveCfg = Debug|Any CPU
		{9FFEA3D0-F725-4C79-B335-59330ABE6D85}.Debug|Any CPU.Build.0 = Debug|Any CPU
		{9FFEA3D0-F725-4C79-B335-59330ABE6D85}.Debug|x64.ActiveCfg = Debug|Any CPU
		{9FFEA3D0-F725-4C79-B335-59330ABE6D85}.Debug|x64.Build.0 = Debug|Any CPU
		{9FFEA3D0-F725-4C79-B335-59330ABE6D85}.Debug|x86.ActiveCfg = Debug|Any CPU
		{9FFEA3D0-F725-4C79-B335-59330ABE6D85}.Debug|x86.Build.0 = Debug|Any CPU
		{9FFEA3D0-F725-4C79-B335-59330ABE6D85}.Release|Any CPU.ActiveCfg = Release|Any CPU
		{9FFEA3D0-F725-4C79-B335-59330ABE6D85}.Release|Any CPU.Build.0 = Release|Any CPU
		{9FFEA3D0-F725-4C79-B335-59330ABE6D85}.Release|x64.ActiveCfg = Release|Any CPU
		{9FFEA3D0-F725-4C79-B335-59330ABE6D85}.Release|x64.Build.0 = Release|Any CPU
		{9FFEA3D0-F725-4C79-B335-59330ABE6D85}.Release|x86.ActiveCfg = Release|Any CPU
		{9FFEA3D0-F725-4C79-B335-59330ABE6D85}.Release|x86.Build.0 = Release|Any CPU
		{3E0E9FE5-93A9-49EA-940E-42A72CDF574A}.Debug|Any CPU.ActiveCfg = Debug|Any CPU
		{3E0E9FE5-93A9-49EA-940E-42A72CDF574A}.Debug|Any CPU.Build.0 = Debug|Any CPU
		{3E0E9FE5-93A9-49EA-940E-42A72CDF574A}.Debug|x64.ActiveCfg = Debug|Any CPU
		{3E0E9FE5-93A9-49EA-940E-42A72CDF574A}.Debug|x64.Build.0 = Debug|Any CPU
		{3E0E9FE5-93A9-49EA-940E-42A72CDF574A}.Debug|x86.ActiveCfg = Debug|Any CPU
		{3E0E9FE5-93A9-49EA-940E-42A72CDF574A}.Debug|x86.Build.0 = Debug|Any CPU
		{3E0E9FE5-93A9-49EA-940E-42A72CDF574A}.Release|Any CPU.ActiveCfg = Release|Any CPU
		{3E0E9FE5-93A9-49EA-940E-42A72CDF574A}.Release|Any CPU.Build.0 = Release|Any CPU
		{3E0E9FE5-93A9-49EA-940E-42A72CDF574A}.Release|x64.ActiveCfg = Release|Any CPU
		{3E0E9FE5-93A9-49EA-940E-42A72CDF574A}.Release|x64.Build.0 = Release|Any CPU
		{3E0E9FE5-93A9-49EA-940E-42A72CDF574A}.Release|x86.ActiveCfg = Release|Any CPU
		{3E0E9FE5-93A9-49EA-940E-42A72CDF574A}.Release|x86.Build.0 = Release|Any CPU
	EndGlobalSection
	GlobalSection(SolutionProperties) = preSolution
		HideSolutionNode = FALSE
	EndGlobalSection
	GlobalSection(NestedProjects) = preSolution
		{9FFEA3D0-F725-4C79-B335-59330ABE6D85} = {0E7910FE-7966-4348-993E-DACDD23D1B06}
		{0E7910FE-7966-4348-993E-DACDD23D1B06} = {42AEBFF9-CD69-4845-8033-FB752E00F6EF}
		{3E0E9FE5-93A9-49EA-940E-42A72CDF574A} = {0E7910FE-7966-4348-993E-DACDD23D1B06}
	EndGlobalSection
	GlobalSection(ExtensibilityGlobals) = postSolution
		SolutionGuid = {BBB504E7-D815-48FF-BFAC-F0FD0E878F43}
	EndGlobalSection
EndGlobal
