
Microsoft Visual Studio Solution File, Format Version 12.00
# Visual Studio Version 16
VisualStudioVersion = 16.6.30114.105
MinimumVisualStudioVersion = 10.0.40219.1
Project("{9A19103F-16F7-4668-BE54-9A1E7A4F7556}") = "RestMongo", "RestMongo\RestMongo.csproj", "{BAAC781B-11C0-4522-A051-8E3AA5884D56}"
EndProject
Project("{9A19103F-16F7-4668-BE54-9A1E7A4F7556}") = "RestMongo.Test", "RestMongo.Test\RestMongo.Test.csproj", "{65B73517-D171-4993-8555-0223FA140B06}"
EndProject
Global
	GlobalSection(SolutionConfigurationPlatforms) = preSolution
		Debug|Any CPU = Debug|Any CPU
		Debug|x64 = Debug|x64
		Debug|x86 = Debug|x86
		Release|Any CPU = Release|Any CPU
		Release|x64 = Release|x64
		Release|x86 = Release|x86
	EndGlobalSection
	GlobalSection(ProjectConfigurationPlatforms) = postSolution
		{BAAC781B-11C0-4522-A051-8E3AA5884D56}.Debug|Any CPU.ActiveCfg = Debug|Any CPU
		{BAAC781B-11C0-4522-A051-8E3AA5884D56}.Debug|Any CPU.Build.0 = Debug|Any CPU
		{BAAC781B-11C0-4522-A051-8E3AA5884D56}.Debug|x64.ActiveCfg = Debug|Any CPU
		{BAAC781B-11C0-4522-A051-8E3AA5884D56}.Debug|x64.Build.0 = Debug|Any CPU
		{BAAC781B-11C0-4522-A051-8E3AA5884D56}.Debug|x86.ActiveCfg = Debug|Any CPU
		{BAAC781B-11C0-4522-A051-8E3AA5884D56}.Debug|x86.Build.0 = Debug|Any CPU
		{BAAC781B-11C0-4522-A051-8E3AA5884D56}.Release|Any CPU.ActiveCfg = Release|Any CPU
		{BAAC781B-11C0-4522-A051-8E3AA5884D56}.Release|Any CPU.Build.0 = Release|Any CPU
		{BAAC781B-11C0-4522-A051-8E3AA5884D56}.Release|x64.ActiveCfg = Release|Any CPU
		{BAAC781B-11C0-4522-A051-8E3AA5884D56}.Release|x64.Build.0 = Release|Any CPU
		{BAAC781B-11C0-4522-A051-8E3AA5884D56}.Release|x86.ActiveCfg = Release|Any CPU
		{BAAC781B-11C0-4522-A051-8E3AA5884D56}.Release|x86.Build.0 = Release|Any CPU
		{65B73517-D171-4993-8555-0223FA140B06}.Debug|Any CPU.ActiveCfg = Debug|Any CPU
		{65B73517-D171-4993-8555-0223FA140B06}.Debug|Any CPU.Build.0 = Debug|Any CPU
		{65B73517-D171-4993-8555-0223FA140B06}.Debug|x64.ActiveCfg = Debug|Any CPU
		{65B73517-D171-4993-8555-0223FA140B06}.Debug|x64.Build.0 = Debug|Any CPU
		{65B73517-D171-4993-8555-0223FA140B06}.Debug|x86.ActiveCfg = Debug|Any CPU
		{65B73517-D171-4993-8555-0223FA140B06}.Debug|x86.Build.0 = Debug|Any CPU
		{65B73517-D171-4993-8555-0223FA140B06}.Release|Any CPU.ActiveCfg = Release|Any CPU
		{65B73517-D171-4993-8555-0223FA140B06}.Release|Any CPU.Build.0 = Release|Any CPU
		{65B73517-D171-4993-8555-0223FA140B06}.Release|x64.ActiveCfg = Release|Any CPU
		{65B73517-D171-4993-8555-0223FA140B06}.Release|x64.Build.0 = Release|Any CPU
		{65B73517-D171-4993-8555-0223FA140B06}.Release|x86.ActiveCfg = Release|Any CPU
		{65B73517-D171-4993-8555-0223FA140B06}.Release|x86.Build.0 = Release|Any CPU
	EndGlobalSection
	GlobalSection(SolutionProperties) = preSolution
		HideSolutionNode = FALSE
	EndGlobalSection
	GlobalSection(ExtensibilityGlobals) = postSolution
		SolutionGuid = {BBB504E7-D815-48FF-BFAC-F0FD0E878F43}
	EndGlobalSection
EndGlobal
